// !$*UTF8*$!
{
	archiveVersion = 1;
	classes = {
	};
	objectVersion = 46;
	objects = {

/* Begin PBXBuildFile section */
		9A270D071AB720080005E0BA /* AppDelegate.swift in Sources */ = {isa = PBXBuildFile; fileRef = 9A270D061AB720080005E0BA /* AppDelegate.swift */; };
		9A270D091AB720080005E0BA /* ViewController.swift in Sources */ = {isa = PBXBuildFile; fileRef = 9A270D081AB720080005E0BA /* ViewController.swift */; };
		9A270D0C1AB720080005E0BA /* Main.storyboard in Resources */ = {isa = PBXBuildFile; fileRef = 9A270D0A1AB720080005E0BA /* Main.storyboard */; };
		9A270D0E1AB720080005E0BA /* Images.xcassets in Resources */ = {isa = PBXBuildFile; fileRef = 9A270D0D1AB720080005E0BA /* Images.xcassets */; };
		9A270D111AB720080005E0BA /* LaunchScreen.xib in Resources */ = {isa = PBXBuildFile; fileRef = 9A270D0F1AB720080005E0BA /* LaunchScreen.xib */; };
		9A270D1D1AB720080005E0BA /* TableviewTests.swift in Sources */ = {isa = PBXBuildFile; fileRef = 9A270D1C1AB720080005E0BA /* TableviewTests.swift */; };
/* End PBXBuildFile section */

/* Begin PBXContainerItemProxy section */
		9A270D171AB720080005E0BA /* PBXContainerItemProxy */ = {
			isa = PBXContainerItemProxy;
			containerPortal = 9A270CF91AB720080005E0BA /* Project object */;
			proxyType = 1;
			remoteGlobalIDString = 9A270D001AB720080005E0BA;
			remoteInfo = Tableview;
		};
/* End PBXContainerItemProxy section */

/* Begin PBXFileReference section */
		9A270D011AB720080005E0BA /* Tableview.app */ = {isa = PBXFileReference; explicitFileType = wrapper.application; includeInIndex = 0; path = Tableview.app; sourceTree = BUILT_PRODUCTS_DIR; };
		9A270D051AB720080005E0BA /* Info.plist */ = {isa = PBXFileReference; lastKnownFileType = text.plist.xml; path = Info.plist; sourceTree = "<group>"; };
		9A270D061AB720080005E0BA /* AppDelegate.swift */ = {isa = PBXFileReference; lastKnownFileType = sourcecode.swift; path = AppDelegate.swift; sourceTree = "<group>"; };
		9A270D081AB720080005E0BA /* ViewController.swift */ = {isa = PBXFileReference; lastKnownFileType = sourcecode.swift; path = ViewController.swift; sourceTree = "<group>"; };
		9A270D0B1AB720080005E0BA /* Base */ = {isa = PBXFileReference; lastKnownFileType = file.storyboard; name = Base; path = Base.lproj/Main.storyboard; sourceTree = "<group>"; };
		9A270D0D1AB720080005E0BA /* Images.xcassets */ = {isa = PBXFileReference; lastKnownFileType = folder.assetcatalog; path = Images.xcassets; sourceTree = "<group>"; };
		9A270D101AB720080005E0BA /* Base */ = {isa = PBXFileReference; lastKnownFileType = file.xib; name = Base; path = Base.lproj/LaunchScreen.xib; sourceTree = "<group>"; };
		9A270D161AB720080005E0BA /* TableviewTests.xctest */ = {isa = PBXFileReference; explicitFileType = wrapper.cfbundle; includeInIndex = 0; path = TableviewTests.xctest; sourceTree = BUILT_PRODUCTS_DIR; };
		9A270D1B1AB720080005E0BA /* Info.plist */ = {isa = PBXFileReference; lastKnownFileType = text.plist.xml; path = Info.plist; sourceTree = "<group>"; };
		9A270D1C1AB720080005E0BA /* TableviewTests.swift */ = {isa = PBXFileReference; lastKnownFileType = sourcecode.swift; path = TableviewTests.swift; sourceTree = "<group>"; };
/* End PBXFileReference section */

/* Begin PBXFrameworksBuildPhase section */
		9A270CFE1AB720080005E0BA /* Frameworks */ = {
			isa = PBXFrameworksBuildPhase;
			buildActionMask = 2147483647;
			files = (
			);
			runOnlyForDeploymentPostprocessing = 0;
		};
		9A270D131AB720080005E0BA /* Frameworks */ = {
			isa = PBXFrameworksBuildPhase;
			buildActionMask = 2147483647;
			files = (
			);
			runOnlyForDeploymentPostprocessing = 0;
		};
/* End PBXFrameworksBuildPhase section */

/* Begin PBXGroup section */
		9A270CF81AB720080005E0BA = {
			isa = PBXGroup;
			children = (
				9A270D031AB720080005E0BA /* Tableview */,
				9A270D191AB720080005E0BA /* TableviewTests */,
				9A270D021AB720080005E0BA /* Products */,
			);
			sourceTree = "<group>";
		};
		9A270D021AB720080005E0BA /* Products */ = {
			isa = PBXGroup;
			children = (
				9A270D011AB720080005E0BA /* Tableview.app */,
				9A270D161AB720080005E0BA /* TableviewTests.xctest */,
			);
			name = Products;
			sourceTree = "<group>";
		};
		9A270D031AB720080005E0BA /* Tableview */ = {
			isa = PBXGroup;
			children = (
				9A270D061AB720080005E0BA /* AppDelegate.swift */,
				9A270D081AB720080005E0BA /* ViewController.swift */,
				9A270D0A1AB720080005E0BA /* Main.storyboard */,
				9A270D0D1AB720080005E0BA /* Images.xcassets */,
				9A270D0F1AB720080005E0BA /* LaunchScreen.xib */,
				9A270D041AB720080005E0BA /* Supporting Files */,
			);
			path = Tableview;
			sourceTree = "<group>";
		};
		9A270D041AB720080005E0BA /* Supporting Files */ = {
			isa = PBXGroup;
			children = (
				9A270D051AB720080005E0BA /* Info.plist */,
			);
			name = "Supporting Files";
			sourceTree = "<group>";
		};
		9A270D191AB720080005E0BA /* TableviewTests */ = {
			isa = PBXGroup;
			children = (
				9A270D1C1AB720080005E0BA /* TableviewTests.swift */,
				9A270D1A1AB720080005E0BA /* Supporting Files */,
			);
			path = TableviewTests;
			sourceTree = "<group>";
		};
		9A270D1A1AB720080005E0BA /* Supporting Files */ = {
			isa = PBXGroup;
			children = (
				9A270D1B1AB720080005E0BA /* Info.plist */,
			);
			name = "Supporting Files";
			sourceTree = "<group>";
		};
/* End PBXGroup section */

/* Begin PBXNativeTarget section */
		9A270D001AB720080005E0BA /* Tableview */ = {
			isa = PBXNativeTarget;
			buildConfigurationList = 9A270D201AB720080005E0BA /* Build configuration list for PBXNativeTarget "Tableview" */;
			buildPhases = (
				9A270CFD1AB720080005E0BA /* Sources */,
				9A270CFE1AB720080005E0BA /* Frameworks */,
				9A270CFF1AB720080005E0BA /* Resources */,
			);
			buildRules = (
			);
			dependencies = (
			);
			name = Tableview;
			productName = Tableview;
			productReference = 9A270D011AB720080005E0BA /* Tableview.app */;
			productType = "com.apple.product-type.application";
		};
		9A270D151AB720080005E0BA /* TableviewTests */ = {
			isa = PBXNativeTarget;
			buildConfigurationList = 9A270D231AB720080005E0BA /* Build configuration list for PBXNativeTarget "TableviewTests" */;
			buildPhases = (
				9A270D121AB720080005E0BA /* Sources */,
				9A270D131AB720080005E0BA /* Frameworks */,
				9A270D141AB720080005E0BA /* Resources */,
			);
			buildRules = (
			);
			dependencies = (
				9A270D181AB720080005E0BA /* PBXTargetDependency */,
			);
			name = TableviewTests;
			productName = TableviewTests;
			productReference = 9A270D161AB720080005E0BA /* TableviewTests.xctest */;
			productType = "com.apple.product-type.bundle.unit-test";
		};
/* End PBXNativeTarget section */

/* Begin PBXProject section */
		9A270CF91AB720080005E0BA /* Project object */ = {
			isa = PBXProject;
			attributes = {
				LastUpgradeCheck = 0610;
				ORGANIZATIONNAME = Karin;
				TargetAttributes = {
					9A270D001AB720080005E0BA = {
						CreatedOnToolsVersion = 6.1.1;
					};
					9A270D151AB720080005E0BA = {
						CreatedOnToolsVersion = 6.1.1;
						TestTargetID = 9A270D001AB720080005E0BA;
					};
				};
			};
			buildConfigurationList = 9A270CFC1AB720080005E0BA /* Build configuration list for PBXProject "Tableview" */;
			compatibilityVersion = "Xcode 3.2";
			developmentRegion = English;
			hasScannedForEncodings = 0;
			knownRegions = (
				en,
				Base,
			);
			mainGroup = 9A270CF81AB720080005E0BA;
			productRefGroup = 9A270D021AB720080005E0BA /* Products */;
			projectDirPath = "";
			projectRoot = "";
			targets = (
				9A270D001AB720080005E0BA /* Tableview */,
				9A270D151AB720080005E0BA /* TableviewTests */,
			);
		};
/* End PBXProject section */

/* Begin PBXResourcesBuildPhase section */
		9A270CFF1AB720080005E0BA /* Resources */ = {
			isa = PBXResourcesBuildPhase;
			buildActionMask = 2147483647;
			files = (
				9A270D0C1AB720080005E0BA /* Main.storyboard in Resources */,
				9A270D111AB720080005E0BA /* LaunchScreen.xib in Resources */,
				9A270D0E1AB720080005E0BA /* Images.xcassets in Resources */,
			);
			runOnlyForDeploymentPostprocessing = 0;
		};
		9A270D141AB720080005E0BA /* Resources */ = {
			isa = PBXResourcesBuildPhase;
			buildActionMask = 2147483647;
			files = (
			);
			runOnlyForDeploymentPostprocessing = 0;
		};
/* End PBXResourcesBuildPhase section */

/* Begin PBXSourcesBuildPhase section */
		9A270CFD1AB720080005E0BA /* Sources */ = {
			isa = PBXSourcesBuildPhase;
			buildActionMask = 2147483647;
			files = (
				9A270D091AB720080005E0BA /* ViewController.swift in Sources */,
				9A270D071AB720080005E0BA /* AppDelegate.swift in Sources */,
			);
			runOnlyForDeploymentPostprocessing = 0;
		};
		9A270D121AB720080005E0BA /* Sources */ = {
			isa = PBXSourcesBuildPhase;
			buildActionMask = 2147483647;
			files = (
				9A270D1D1AB720080005E0BA /* TableviewTests.swift in Sources */,
			);
			runOnlyForDeploymentPostprocessing = 0;
		};
/* End PBXSourcesBuildPhase section */

/* Begin PBXTargetDependency section */
		9A270D181AB720080005E0BA /* PBXTargetDependency */ = {
			isa = PBXTargetDependency;
			target = 9A270D001AB720080005E0BA /* Tableview */;
			targetProxy = 9A270D171AB720080005E0BA /* PBXContainerItemProxy */;
		};
/* End PBXTargetDependency section */

/* Begin PBXVariantGroup section */
		9A270D0A1AB720080005E0BA /* Main.storyboard */ = {
			isa = PBXVariantGroup;
			children = (
				9A270D0B1AB720080005E0BA /* Base */,
			);
			name = Main.storyboard;
			sourceTree = "<group>";
		};
		9A270D0F1AB720080005E0BA /* LaunchScreen.xib */ = {
			isa = PBXVariantGroup;
			children = (
				9A270D101AB720080005E0BA /* Base */,
			);
			name = LaunchScreen.xib;
			sourceTree = "<group>";
		};
/* End PBXVariantGroup section */

/* Begin XCBuildConfiguration section */
		9A270D1E1AB720080005E0BA /* Debug */ = {
			isa = XCBuildConfiguration;
			buildSettings = {
				ALWAYS_SEARCH_USER_PATHS = NO;
				CLANG_CXX_LANGUAGE_STANDARD = "gnu++0x";
				CLANG_CXX_LIBRARY = "libc++";
				CLANG_ENABLE_MODULES = YES;
				CLANG_ENABLE_OBJC_ARC = YES;
				CLANG_WARN_BOOL_CONVERSION = YES;
				CLANG_WARN_CONSTANT_CONVERSION = YES;
				CLANG_WARN_DIRECT_OBJC_ISA_USAGE = YES_ERROR;
				CLANG_WARN_EMPTY_BODY = YES;
				CLANG_WARN_ENUM_CONVERSION = YES;
				CLANG_WARN_INT_CONVERSION = YES;
				CLANG_WARN_OBJC_ROOT_CLASS = YES_ERROR;
				CLANG_WARN_UNREACHABLE_CODE = YES;
				CLANG_WARN__DUPLICATE_METHOD_MATCH = YES;
				"CODE_SIGN_IDENTITY[sdk=iphoneos*]" = "iPhone Developer";
				COPY_PHASE_STRIP = NO;
				ENABLE_STRICT_OBJC_MSGSEND = YES;
				GCC_C_LANGUAGE_STANDARD = gnu99;
				GCC_DYNAMIC_NO_PIC = NO;
				GCC_OPTIMIZATION_LEVEL = 0;
				GCC_PREPROCESSOR_DEFINITIONS = (
					"DEBUG=1",
					"$(inherited)",
				);
				GCC_SYMBOLS_PRIVATE_EXTERN = NO;
				GCC_WARN_64_TO_32_BIT_CONVERSION = YES;
				GCC_WARN_ABOUT_RETURN_TYPE = YES_ERROR;
				GCC_WARN_UNDECLARED_SELECTOR = YES;
				GCC_WARN_UNINITIALIZED_AUTOS = YES_AGGRESSIVE;
				GCC_WARN_UNUSED_FUNCTION = YES;
				GCC_WARN_UNUSED_VARIABLE = YES;
				IPHONEOS_DEPLOYMENT_TARGET = 8.1;
				MTL_ENABLE_DEBUG_INFO = YES;
				ONLY_ACTIVE_ARCH = YES;
				SDKROOT = iphoneos;
				SWIFT_OPTIMIZATION_LEVEL = "-Onone";
			};
			name = Debug;
		};
		9A270D1F1AB720080005E0BA /* Release */ = {
			isa = XCBuildConfiguration;
			buildSettings = {
				ALWAYS_SEARCH_USER_PATHS = NO;
				CLANG_CXX_LANGUAGE_STANDARD = "gnu++0x";
				CLANG_CXX_LIBRARY = "libc++";
				CLANG_ENABLE_MODULES = YES;
				CLANG_ENABLE_OBJC_ARC = YES;
				CLANG_WARN_BOOL_CONVERSION = YES;
				CLANG_WARN_CONSTANT_CONVERSION = YES;
				CLANG_WARN_DIRECT_OBJC_ISA_USAGE = YES_ERROR;
				CLANG_WARN_EMPTY_BODY = YES;
				CLANG_WARN_ENUM_CONVERSION = YES;
				CLANG_WARN_INT_CONVERSION = YES;
				CLANG_WARN_OBJC_ROOT_CLASS = YES_ERROR;
				CLANG_WARN_UNREACHABLE_CODE = YES;
				CLANG_WARN__DUPLICATE_METHOD_MATCH = YES;
				"CODE_SIGN_IDENTITY[sdk=iphoneos*]" = "iPhone Developer";
				COPY_PHASE_STRIP = YES;
				ENABLE_NS_ASSERTIONS = NO;
				ENABLE_STRICT_OBJC_MSGSEND = YES;
				GCC_C_LANGUAGE_STANDARD = gnu99;
				GCC_WARN_64_TO_32_BIT_CONVERSION = YES;
				GCC_WARN_ABOUT_RETURN_TYPE = YES_ERROR;
				GCC_WARN_UNDECLARED_SELECTOR = YES;
				GCC_WARN_UNINITIALIZED_AUTOS = YES_AGGRESSIVE;
				GCC_WARN_UNUSED_FUNCTION = YES;
				GCC_WARN_UNUSED_VARIABLE = YES;
				IPHONEOS_DEPLOYMENT_TARGET = 8.1;
				MTL_ENABLE_DEBUG_INFO = NO;
				SDKROOT = iphoneos;
				VALIDATE_PRODUCT = YES;
			};
			name = Release;
		};
		9A270D211AB720080005E0BA /* Debug */ = {
			isa = XCBuildConfiguration;
			buildSettings = {
				ASSETCATALOG_COMPILER_APPICON_NAME = AppIcon;
				INFOPLIST_FILE = Tableview/Info.plist;
				LD_RUNPATH_SEARCH_PATHS = "$(inherited) @executable_path/Frameworks";
				PRODUCT_NAME = "$(TARGET_NAME)";
			};
			name = Debug;
		};
		9A270D221AB720080005E0BA /* Release */ = {
			isa = XCBuildConfiguration;
			buildSettings = {
				ASSETCATALOG_COMPILER_APPICON_NAME = AppIcon;
				INFOPLIST_FILE = Tableview/Info.plist;
				LD_RUNPATH_SEARCH_PATHS = "$(inherited) @executable_path/Frameworks";
				PRODUCT_NAME = "$(TARGET_NAME)";
			};
			name = Release;
		};
		9A270D241AB720080005E0BA /* Debug */ = {
			isa = XCBuildConfiguration;
			buildSettings = {
				BUNDLE_LOADER = "$(TEST_HOST)";
				FRAMEWORK_SEARCH_PATHS = (
					"$(SDKROOT)/Developer/Library/Frameworks",
					"$(inherited)",
				);
				GCC_PREPROCESSOR_DEFINITIONS = (
					"DEBUG=1",
					"$(inherited)",
				);
				INFOPLIST_FILE = TableviewTests/Info.plist;
				LD_RUNPATH_SEARCH_PATHS = "$(inherited) @executable_path/Frameworks @loader_path/Frameworks";
				PRODUCT_NAME = "$(TARGET_NAME)";
				TEST_HOST = "$(BUILT_PRODUCTS_DIR)/Tableview.app/Tableview";
			};
			name = Debug;
		};
		9A270D251AB720080005E0BA /* Release */ = {
			isa = XCBuildConfiguration;
			buildSettings = {
				BUNDLE_LOADER = "$(TEST_HOST)";
				FRAMEWORK_SEARCH_PATHS = (
					"$(SDKROOT)/Developer/Library/Frameworks",
					"$(inherited)",
				);
				INFOPLIST_FILE = TableviewTests/Info.plist;
				LD_RUNPATH_SEARCH_PATHS = "$(inherited) @executable_path/Frameworks @loader_path/Frameworks";
				PRODUCT_NAME = "$(TARGET_NAME)";
				TEST_HOST = "$(BUILT_PRODUCTS_DIR)/Tableview.app/Tableview";
			};
			name = Release;
		};
/* End XCBuildConfiguration section */

/* Begin XCConfigurationList section */
		9A270CFC1AB720080005E0BA /* Build configuration list for PBXProject "Tableview" */ = {
			isa = XCConfigurationList;
			buildConfigurations = (
				9A270D1E1AB720080005E0BA /* Debug */,
				9A270D1F1AB720080005E0BA /* Release */,
			);
			defaultConfigurationIsVisible = 0;
			defaultConfigurationName = Release;
		};
		9A270D201AB720080005E0BA /* Build configuration list for PBXNativeTarget "Tableview" */ = {
			isa = XCConfigurationList;
			buildConfigurations = (
				9A270D211AB720080005E0BA /* Debug */,
				9A270D221AB720080005E0BA /* Release */,
			);
			defaultConfigurationIsVisible = 0;
		};
		9A270D231AB720080005E0BA /* Build configuration list for PBXNativeTarget "TableviewTests" */ = {
			isa = XCConfigurationList;
			buildConfigurations = (
				9A270D241AB720080005E0BA /* Debug */,
				9A270D251AB720080005E0BA /* Release */,
			);
			defaultConfigurationIsVisible = 0;
		};
/* End XCConfigurationList section */
	};
	rootObject = 9A270CF91AB720080005E0BA /* Project object */;
}
